# This file was autogenerated by Stack.
# You should not edit this file by hand.
# For more information, please see the documentation at:
#   https://docs.haskellstack.org/en/stable/lock_files

packages:
- completed:
    name: memoize
    version: 0.1.0.0
    git: git@github.com:davidspies/memoize.git
    pantry-tree:
      size: 1315
      sha256: ce604d8e57333a2d2510ec365fd8eab5db54fabf403ae7124af9fb7d95e586fe
    commit: 0eb39cb0694441a310097afaab25ca428df1ce76
  original:
    git: git@github.com:davidspies/memoize.git
    commit: 0eb39cb0694441a310097afaab25ca428df1ce76
snapshots:
- completed:
    size: 587393
    url: https://raw.githubusercontent.com/commercialhaskell/stackage-snapshots/master/lts/18/25.yaml
    sha256: 1b74fb5e970497b5aefae56703f1bd44aa648bd1a5ef95c1eb8c29775087e2bf
  original: lts-18.25
